<Solution>
  <Folder Name="/1Domain/">
    <Project Path="Domain/Domain/Domain.csproj" />
  </Folder>
  <Folder Name="/2Application/">
    <Project Path="Application/Application/Application.csproj" />
  </Folder>
  <Folder Name="/3Infrastructure/">
    <Project Path="Infrastructure/Infrastructure/Infrastructure.csproj" />
  </Folder>
  <Folder Name="/4Presentation/">
    <Project Path="Presentation/EndPoint_MVC/EndPoint_MVC.csproj" />
  </Folder>
</Solution>
