<Solution>
  <Folder Name="/Src/" />
  <Folder Name="/Src/Application/">
    <Project Path="../../../../../../Source/Repos/RealEstateSystem/Application/Application/Application.csproj" />
  </Folder>
  <Folder Name="/Src/Domain/">
    <Project Path="../../../../../../Source/Repos/RealEstateSystem/Domain/Domain/Domain.RealEstate.csproj" />
  </Folder>
  <Folder Name="/Src/EndPoints/">
    <Project Path="../../../../../../Source/Repos/RealEstateSystem/Presentation/EndPoint_MVC/RealState.MVC.csproj" />
  </Folder>
  <Folder Name="/Src/Infrastructure/">
    <Project Path="../../../../../../Source/Repos/RealEstateSystem/Infrastructure/Infrastructure/Infrastructure.csproj" />
  </Folder>
</Solution>
